
Microsoft Visual Studio Solution File, Format Version 12.00
# Visual Studio Version 17
VisualStudioVersion = 17.0.31912.275
MinimumVisualStudioVersion = 10.0.40219.1
Project("{FAE04EC0-301F-11D3-BF4B-00C04F79EFBC}") = "OgrenciKayitDataBound", "OgrenciKayitDataBound\OgrenciKayitDataBound.csproj", "{1938D06B-C874-442F-A077-9F7E131EC793}"
EndProject
Project("{FAE04EC0-301F-11D3-BF4B-00C04F79EFBC}") = "DataAccessLayer", "DataAccessLayer\DataAccessLayer.csproj", "{917722B4-CFA4-4261-8652-DDF1E2E4B449}"
EndProject
Global
	GlobalSection(SolutionConfigurationPlatforms) = preSolution
		Debug|Any CPU = Debug|Any CPU
		Release|Any CPU = Release|Any CPU
	EndGlobalSection
	GlobalSection(ProjectConfigurationPlatforms) = postSolution
		{1938D06B-C874-442F-A077-9F7E131EC793}.Debug|Any CPU.ActiveCfg = Debug|Any CPU
		{1938D06B-C874-442F-A077-9F7E131EC793}.Debug|Any CPU.Build.0 = Debug|Any CPU
		{1938D06B-C874-442F-A077-9F7E131EC793}.Release|Any CPU.ActiveCfg = Release|Any CPU
		{1938D06B-C874-442F-A077-9F7E131EC793}.Release|Any CPU.Build.0 = Release|Any CPU
		{917722B4-CFA4-4261-8652-DDF1E2E4B449}.Debug|Any CPU.ActiveCfg = Debug|Any CPU
		{917722B4-CFA4-4261-8652-DDF1E2E4B449}.Debug|Any CPU.Build.0 = Debug|Any CPU
		{917722B4-CFA4-4261-8652-DDF1E2E4B449}.Release|Any CPU.ActiveCfg = Release|Any CPU
		{917722B4-CFA4-4261-8652-DDF1E2E4B449}.Release|Any CPU.Build.0 = Release|Any CPU
	EndGlobalSection
	GlobalSection(SolutionProperties) = preSolution
		HideSolutionNode = FALSE
	EndGlobalSection
	GlobalSection(ExtensibilityGlobals) = postSolution
		SolutionGuid = {BBBD0520-E541-4E46-A897-EDA2F86035E7}
	EndGlobalSection
EndGlobal
